
Microsoft Visual Studio Solution File, Format Version 12.00
# Visual Studio Version 17
VisualStudioVersion = 17.8.34330.188
MinimumVisualStudioVersion = 10.0.40219.1
Project("{FAE04EC0-301F-11D3-BF4B-00C04F79EFBC}") = "Using behavioral patterns3", "Using behavioral patterns3.csproj", "{3897F572-E132-4203-B97B-9FB2494BC9CD}"
EndProject
Global
	GlobalSection(SolutionConfigurationPlatforms) = preSolution
		Debug|Any CPU = Debug|Any CPU
		Release|Any CPU = Release|Any CPU
	EndGlobalSection
	GlobalSection(ProjectConfigurationPlatforms) = postSolution
		{3897F572-E132-4203-B97B-9FB2494BC9CD}.Debug|Any CPU.ActiveCfg = Debug|Any CPU
		{3897F572-E132-4203-B97B-9FB2494BC9CD}.Debug|Any CPU.Build.0 = Debug|Any CPU
		{3897F572-E132-4203-B97B-9FB2494BC9CD}.Release|Any CPU.ActiveCfg = Release|Any CPU
		{3897F572-E132-4203-B97B-9FB2494BC9CD}.Release|Any CPU.Build.0 = Release|Any CPU
	EndGlobalSection
	GlobalSection(SolutionProperties) = preSolution
		HideSolutionNode = FALSE
	EndGlobalSection
	GlobalSection(ExtensibilityGlobals) = postSolution
		SolutionGuid = {71E2E64D-8E11-40D9-AA86-81DF29FE8C33}
	EndGlobalSection
EndGlobal
